
Microsoft Visual Studio Solution File, Format Version 12.00
# Visual Studio Version 17
VisualStudioVersion = 17.11.35222.181
MinimumVisualStudioVersion = 10.0.40219.1
Project("{FAE04EC0-301F-11D3-BF4B-00C04F79EFBC}") = "SpacexLaunches", "SpacexLaunches\SpacexLaunches.csproj", "{DE2E341F-CFA3-4EA8-B962-150C5D7CFD1D}"
EndProject
Global
	GlobalSection(SolutionConfigurationPlatforms) = preSolution
		Debug|Any CPU = Debug|Any CPU
		Release|Any CPU = Release|Any CPU
	EndGlobalSection
	GlobalSection(ProjectConfigurationPlatforms) = postSolution
		{DE2E341F-CFA3-4EA8-B962-150C5D7CFD1D}.Debug|Any CPU.ActiveCfg = Debug|Any CPU
		{DE2E341F-CFA3-4EA8-B962-150C5D7CFD1D}.Debug|Any CPU.Build.0 = Debug|Any CPU
		{DE2E341F-CFA3-4EA8-B962-150C5D7CFD1D}.Release|Any CPU.ActiveCfg = Release|Any CPU
		{DE2E341F-CFA3-4EA8-B962-150C5D7CFD1D}.Release|Any CPU.Build.0 = Release|Any CPU
	EndGlobalSection
	GlobalSection(SolutionProperties) = preSolution
		HideSolutionNode = FALSE
	EndGlobalSection
	GlobalSection(ExtensibilityGlobals) = postSolution
		SolutionGuid = {365A9240-010F-4784-9BFF-B9769045D94F}
	EndGlobalSection
EndGlobal
